org_name = "ballerina"
version = "0.9.0"
lockfile_version = "1.0.0"
ballerina_version = "slp1"

[[imports."ballerina/log:1.0.0"]]
org_name = "ballerina"
name = "java"
version = "0.9.0"

[[imports."ballerina/task:1.1.0"]]
org_name = "ballerina"
name = "lang.object"
version = "1.0.0"

[[imports."ballerina/task:1.1.0"]]
org_name = "ballerina"
name = "java"
version = "0.9.0"

[[imports."ballerina/io:0.5.0"]]
org_name = "ballerina"
name = "java"
version = "0.9.0"

[[imports."ballerina/ftp:0.9.0"]]
org_name = "ballerina"
name = "io"
version = "0.5.0"

[[imports."ballerina/ftp:0.9.0"]]
org_name = "ballerina"
name = "log"
version = "1.0.0"

[[imports."ballerina/ftp:0.9.0"]]
org_name = "ballerina"
name = "java"
version = "0.9.0"

[[imports."ballerina/ftp:0.9.0"]]
org_name = "ballerina"
name = "task"
version = "1.1.0"

[[imports."ballerina/ftp:0.9.0"]]
org_name = "ballerina"
name = "lang.object"
version = "1.0.0"
